
Microsoft Visual Studio Solution File, Format Version 12.00
# Visual Studio Version 16
VisualStudioVersion = 16.0.30907.101
MinimumVisualStudioVersion = 10.0.40219.1
Project("{FAE04EC0-301F-11D3-BF4B-00C04F79EFBC}") = "PantallaChat", "PantallaChat.csproj", "{1865F4B7-3AC3-436C-8E83-689F8BF1C57B}"
EndProject
Global
	GlobalSection(SolutionConfigurationPlatforms) = preSolution
		Debug|Any CPU = Debug|Any CPU
		Release|Any CPU = Release|Any CPU
	EndGlobalSection
	GlobalSection(ProjectConfigurationPlatforms) = postSolution
		{1865F4B7-3AC3-436C-8E83-689F8BF1C57B}.Debug|Any CPU.ActiveCfg = Debug|Any CPU
		{1865F4B7-3AC3-436C-8E83-689F8BF1C57B}.Debug|Any CPU.Build.0 = Debug|Any CPU
		{1865F4B7-3AC3-436C-8E83-689F8BF1C57B}.Release|Any CPU.ActiveCfg = Release|Any CPU
		{1865F4B7-3AC3-436C-8E83-689F8BF1C57B}.Release|Any CPU.Build.0 = Release|Any CPU
	EndGlobalSection
	GlobalSection(SolutionProperties) = preSolution
		HideSolutionNode = FALSE
	EndGlobalSection
	GlobalSection(ExtensibilityGlobals) = postSolution
		SolutionGuid = {42B0C7E2-E4D0-4D2C-9BBE-35788322C38E}
	EndGlobalSection
EndGlobal
